
Microsoft Visual Studio Solution File, Format Version 12.00
Project("{FAE04EC0-301F-11D3-BF4B-00C04F79EFBC}") = "AteraAPI.V3", "AteraAPI.V3\AteraAPI.V3.csproj", "{0FA4D1DE-B572-471C-A73B-A599F57044F3}"
EndProject
Project("{FAE04EC0-301F-11D3-BF4B-00C04F79EFBC}") = "AteraAPI.V3.Tests", "AteraAPI.V3.Tests\AteraAPI.V3.Tests.csproj", "{0D7610F8-EAB1-420F-870C-741C4819E232}"
EndProject
Global
	GlobalSection(SolutionConfigurationPlatforms) = preSolution
		Debug|Any CPU = Debug|Any CPU
		Release|Any CPU = Release|Any CPU
	EndGlobalSection
	GlobalSection(ProjectConfigurationPlatforms) = postSolution
		{0FA4D1DE-B572-471C-A73B-A599F57044F3}.Debug|Any CPU.ActiveCfg = Debug|Any CPU
		{0FA4D1DE-B572-471C-A73B-A599F57044F3}.Debug|Any CPU.Build.0 = Debug|Any CPU
		{0FA4D1DE-B572-471C-A73B-A599F57044F3}.Release|Any CPU.ActiveCfg = Release|Any CPU
		{0FA4D1DE-B572-471C-A73B-A599F57044F3}.Release|Any CPU.Build.0 = Release|Any CPU
		{0D7610F8-EAB1-420F-870C-741C4819E232}.Debug|Any CPU.ActiveCfg = Debug|Any CPU
		{0D7610F8-EAB1-420F-870C-741C4819E232}.Debug|Any CPU.Build.0 = Debug|Any CPU
		{0D7610F8-EAB1-420F-870C-741C4819E232}.Release|Any CPU.ActiveCfg = Release|Any CPU
		{0D7610F8-EAB1-420F-870C-741C4819E232}.Release|Any CPU.Build.0 = Release|Any CPU
	EndGlobalSection
EndGlobal
